
Microsoft Visual Studio Solution File, Format Version 12.00
# Visual Studio Version 17
VisualStudioVersion = 17.4.33205.214
MinimumVisualStudioVersion = 10.0.40219.1
Project("{FAE04EC0-301F-11D3-BF4B-00C04F79EFBC}") = "Exemplo simples com MVC", "Exemplo simples com MVC\Exemplo simples com MVC.csproj", "{1BB2457F-1659-4593-8185-07501F2A0FEB}"
EndProject
Global
	GlobalSection(SolutionConfigurationPlatforms) = preSolution
		Debug|Any CPU = Debug|Any CPU
		Release|Any CPU = Release|Any CPU
	EndGlobalSection
	GlobalSection(ProjectConfigurationPlatforms) = postSolution
		{1BB2457F-1659-4593-8185-07501F2A0FEB}.Debug|Any CPU.ActiveCfg = Debug|Any CPU
		{1BB2457F-1659-4593-8185-07501F2A0FEB}.Debug|Any CPU.Build.0 = Debug|Any CPU
		{1BB2457F-1659-4593-8185-07501F2A0FEB}.Release|Any CPU.ActiveCfg = Release|Any CPU
		{1BB2457F-1659-4593-8185-07501F2A0FEB}.Release|Any CPU.Build.0 = Release|Any CPU
	EndGlobalSection
	GlobalSection(SolutionProperties) = preSolution
		HideSolutionNode = FALSE
	EndGlobalSection
	GlobalSection(ExtensibilityGlobals) = postSolution
		SolutionGuid = {2A6D5A14-B8E8-471D-B7E6-D6ADB8558C16}
	EndGlobalSection
EndGlobal
